
Microsoft Visual Studio Solution File, Format Version 11.00
# Visual Studio 2010
Project("{FAE04EC0-301F-11D3-BF4B-00C04F79EFBC}") = "CarDealer", "CarDealer\CarDealer.csproj", "{AD93788F-43BE-45AE-B07B-B932E46EC368}"
EndProject
Project("{FAE04EC0-301F-11D3-BF4B-00C04F79EFBC}") = "WpfApplicationCarDealer", "WpfApplicationCarDealer\WpfApplicationCarDealer.csproj", "{00B44D30-644D-4074-B37E-FA7CC2E542B0}"
EndProject
Project("{FAE04EC0-301F-11D3-BF4B-00C04F79EFBC}") = "Serializable", "Serializable\Serializable.csproj", "{838A1495-2AAE-4B84-8CA4-9496DF76FD2D}"
EndProject
Global
	GlobalSection(SolutionConfigurationPlatforms) = preSolution
		Debug|Any CPU = Debug|Any CPU
		Debug|Mixed Platforms = Debug|Mixed Platforms
		Debug|x86 = Debug|x86
		Release|Any CPU = Release|Any CPU
		Release|Mixed Platforms = Release|Mixed Platforms
		Release|x86 = Release|x86
	EndGlobalSection
	GlobalSection(ProjectConfigurationPlatforms) = postSolution
		{AD93788F-43BE-45AE-B07B-B932E46EC368}.Debug|Any CPU.ActiveCfg = Debug|Any CPU
		{AD93788F-43BE-45AE-B07B-B932E46EC368}.Debug|Any CPU.Build.0 = Debug|Any CPU
		{AD93788F-43BE-45AE-B07B-B932E46EC368}.Debug|Mixed Platforms.ActiveCfg = Debug|Any CPU
		{AD93788F-43BE-45AE-B07B-B932E46EC368}.Debug|Mixed Platforms.Build.0 = Debug|Any CPU
		{AD93788F-43BE-45AE-B07B-B932E46EC368}.Debug|x86.ActiveCfg = Debug|Any CPU
		{AD93788F-43BE-45AE-B07B-B932E46EC368}.Release|Any CPU.ActiveCfg = Release|Any CPU
		{AD93788F-43BE-45AE-B07B-B932E46EC368}.Release|Any CPU.Build.0 = Release|Any CPU
		{AD93788F-43BE-45AE-B07B-B932E46EC368}.Release|Mixed Platforms.ActiveCfg = Release|Any CPU
		{AD93788F-43BE-45AE-B07B-B932E46EC368}.Release|Mixed Platforms.Build.0 = Release|Any CPU
		{AD93788F-43BE-45AE-B07B-B932E46EC368}.Release|x86.ActiveCfg = Release|Any CPU
		{00B44D30-644D-4074-B37E-FA7CC2E542B0}.Debug|Any CPU.ActiveCfg = Debug|x86
		{00B44D30-644D-4074-B37E-FA7CC2E542B0}.Debug|Mixed Platforms.ActiveCfg = Debug|x86
		{00B44D30-644D-4074-B37E-FA7CC2E542B0}.Debug|Mixed Platforms.Build.0 = Debug|x86
		{00B44D30-644D-4074-B37E-FA7CC2E542B0}.Debug|x86.ActiveCfg = Debug|x86
		{00B44D30-644D-4074-B37E-FA7CC2E542B0}.Debug|x86.Build.0 = Debug|x86
		{00B44D30-644D-4074-B37E-FA7CC2E542B0}.Release|Any CPU.ActiveCfg = Release|x86
		{00B44D30-644D-4074-B37E-FA7CC2E542B0}.Release|Mixed Platforms.ActiveCfg = Release|x86
		{00B44D30-644D-4074-B37E-FA7CC2E542B0}.Release|Mixed Platforms.Build.0 = Release|x86
		{00B44D30-644D-4074-B37E-FA7CC2E542B0}.Release|x86.ActiveCfg = Release|x86
		{00B44D30-644D-4074-B37E-FA7CC2E542B0}.Release|x86.Build.0 = Release|x86
		{838A1495-2AAE-4B84-8CA4-9496DF76FD2D}.Debug|Any CPU.ActiveCfg = Debug|Any CPU
		{838A1495-2AAE-4B84-8CA4-9496DF76FD2D}.Debug|Any CPU.Build.0 = Debug|Any CPU
		{838A1495-2AAE-4B84-8CA4-9496DF76FD2D}.Debug|Mixed Platforms.ActiveCfg = Debug|Any CPU
		{838A1495-2AAE-4B84-8CA4-9496DF76FD2D}.Debug|Mixed Platforms.Build.0 = Debug|Any CPU
		{838A1495-2AAE-4B84-8CA4-9496DF76FD2D}.Debug|x86.ActiveCfg = Debug|Any CPU
		{838A1495-2AAE-4B84-8CA4-9496DF76FD2D}.Release|Any CPU.ActiveCfg = Release|Any CPU
		{838A1495-2AAE-4B84-8CA4-9496DF76FD2D}.Release|Any CPU.Build.0 = Release|Any CPU
		{838A1495-2AAE-4B84-8CA4-9496DF76FD2D}.Release|Mixed Platforms.ActiveCfg = Release|Any CPU
		{838A1495-2AAE-4B84-8CA4-9496DF76FD2D}.Release|Mixed Platforms.Build.0 = Release|Any CPU
		{838A1495-2AAE-4B84-8CA4-9496DF76FD2D}.Release|x86.ActiveCfg = Release|Any CPU
	EndGlobalSection
	GlobalSection(SolutionProperties) = preSolution
		HideSolutionNode = FALSE
	EndGlobalSection
EndGlobal
